
Microsoft Visual Studio Solution File, Format Version 12.00
# Visual Studio Version 16
VisualStudioVersion = 16.0.31005.135
MinimumVisualStudioVersion = 10.0.40219.1
Project("{9A19103F-16F7-4668-BE54-9A1E7A4F7556}") = "Blazored.WebShop.Client", "Blazored.WebShop.Client\Blazored.WebShop.Client.csproj", "{61816C1F-2CE8-46F6-995D-E0D31F67279C}"
EndProject
Project("{9A19103F-16F7-4668-BE54-9A1E7A4F7556}") = "Blazored.WebShop.Core.Business", "Blazored.WebShop.Core.Business\Blazored.WebShop.Core.Business.csproj", "{E5BC5BFE-DC43-4F0E-BAF2-FDF6DD6C96DA}"
EndProject
Project("{9A19103F-16F7-4668-BE54-9A1E7A4F7556}") = "Blazored.WebShop.Application", "Blazored.WebShop.Application\Blazored.WebShop.Application.csproj", "{4063471C-075B-4E9E-9B6A-98071E304EB6}"
EndProject
Project("{9A19103F-16F7-4668-BE54-9A1E7A4F7556}") = "Blazored.WebShop.Data", "Blazored.WebShop.Data\Blazored.WebShop.Data.csproj", "{14D45ABB-2A92-409F-9410-94971FC3984F}"
EndProject
Project("{9A19103F-16F7-4668-BE54-9A1E7A4F7556}") = "Blazored.WebShop.Client.AdminPortal", "Blazored.WebShop.Client.AdminPortal\Blazored.WebShop.Client.AdminPortal.csproj", "{0019142E-D882-444A-B3E9-3B9482D5FE73}"
EndProject
Project("{9A19103F-16F7-4668-BE54-9A1E7A4F7556}") = "Blazored.WebShop.Client.CustomerPortal", "Blazored.WebShop.Client.CustomerPortal\Blazored.WebShop.Client.CustomerPortal.csproj", "{140D155A-7C7A-45E2-9ECC-A96BCA565CC7}"
EndProject
Project("{FAE04EC0-301F-11D3-BF4B-00C04F79EFBC}") = "Blazored.WebShop.Client.Common", "Blazored.WebShop.Client.Common\Blazored.WebShop.Client.Common.csproj", "{A9E3A8DE-A20D-4D15-BF2C-C019D757B6A2}"
EndProject
Global
	GlobalSection(SolutionConfigurationPlatforms) = preSolution
		Debug|Any CPU = Debug|Any CPU
		Release|Any CPU = Release|Any CPU
	EndGlobalSection
	GlobalSection(ProjectConfigurationPlatforms) = postSolution
		{61816C1F-2CE8-46F6-995D-E0D31F67279C}.Debug|Any CPU.ActiveCfg = Debug|Any CPU
		{61816C1F-2CE8-46F6-995D-E0D31F67279C}.Debug|Any CPU.Build.0 = Debug|Any CPU
		{61816C1F-2CE8-46F6-995D-E0D31F67279C}.Release|Any CPU.ActiveCfg = Release|Any CPU
		{61816C1F-2CE8-46F6-995D-E0D31F67279C}.Release|Any CPU.Build.0 = Release|Any CPU
		{E5BC5BFE-DC43-4F0E-BAF2-FDF6DD6C96DA}.Debug|Any CPU.ActiveCfg = Debug|Any CPU
		{E5BC5BFE-DC43-4F0E-BAF2-FDF6DD6C96DA}.Debug|Any CPU.Build.0 = Debug|Any CPU
		{E5BC5BFE-DC43-4F0E-BAF2-FDF6DD6C96DA}.Release|Any CPU.ActiveCfg = Release|Any CPU
		{E5BC5BFE-DC43-4F0E-BAF2-FDF6DD6C96DA}.Release|Any CPU.Build.0 = Release|Any CPU
		{4063471C-075B-4E9E-9B6A-98071E304EB6}.Debug|Any CPU.ActiveCfg = Debug|Any CPU
		{4063471C-075B-4E9E-9B6A-98071E304EB6}.Debug|Any CPU.Build.0 = Debug|Any CPU
		{4063471C-075B-4E9E-9B6A-98071E304EB6}.Release|Any CPU.ActiveCfg = Release|Any CPU
		{4063471C-075B-4E9E-9B6A-98071E304EB6}.Release|Any CPU.Build.0 = Release|Any CPU
		{14D45ABB-2A92-409F-9410-94971FC3984F}.Debug|Any CPU.ActiveCfg = Debug|Any CPU
		{14D45ABB-2A92-409F-9410-94971FC3984F}.Debug|Any CPU.Build.0 = Debug|Any CPU
		{14D45ABB-2A92-409F-9410-94971FC3984F}.Release|Any CPU.ActiveCfg = Release|Any CPU
		{14D45ABB-2A92-409F-9410-94971FC3984F}.Release|Any CPU.Build.0 = Release|Any CPU
		{0019142E-D882-444A-B3E9-3B9482D5FE73}.Debug|Any CPU.ActiveCfg = Debug|Any CPU
		{0019142E-D882-444A-B3E9-3B9482D5FE73}.Debug|Any CPU.Build.0 = Debug|Any CPU
		{0019142E-D882-444A-B3E9-3B9482D5FE73}.Release|Any CPU.ActiveCfg = Release|Any CPU
		{0019142E-D882-444A-B3E9-3B9482D5FE73}.Release|Any CPU.Build.0 = Release|Any CPU
		{140D155A-7C7A-45E2-9ECC-A96BCA565CC7}.Debug|Any CPU.ActiveCfg = Debug|Any CPU
		{140D155A-7C7A-45E2-9ECC-A96BCA565CC7}.Debug|Any CPU.Build.0 = Debug|Any CPU
		{140D155A-7C7A-45E2-9ECC-A96BCA565CC7}.Release|Any CPU.ActiveCfg = Release|Any CPU
		{140D155A-7C7A-45E2-9ECC-A96BCA565CC7}.Release|Any CPU.Build.0 = Release|Any CPU
		{A9E3A8DE-A20D-4D15-BF2C-C019D757B6A2}.Debug|Any CPU.ActiveCfg = Debug|Any CPU
		{A9E3A8DE-A20D-4D15-BF2C-C019D757B6A2}.Debug|Any CPU.Build.0 = Debug|Any CPU
		{A9E3A8DE-A20D-4D15-BF2C-C019D757B6A2}.Release|Any CPU.ActiveCfg = Release|Any CPU
		{A9E3A8DE-A20D-4D15-BF2C-C019D757B6A2}.Release|Any CPU.Build.0 = Release|Any CPU
	EndGlobalSection
	GlobalSection(SolutionProperties) = preSolution
		HideSolutionNode = FALSE
	EndGlobalSection
	GlobalSection(ExtensibilityGlobals) = postSolution
		SolutionGuid = {94224A78-2F88-48EC-BB62-77ED8B9DCA9F}
	EndGlobalSection
EndGlobal
